
Microsoft Visual Studio Solution File, Format Version 12.00
# Visual Studio 15
VisualStudioVersion = 15.0.28307.168
MinimumVisualStudioVersion = 10.0.40219.1
Project("{9A19103F-16F7-4668-BE54-9A1E7A4F7556}") = "Approvals.xUnit", "Approvals.xUnit\Approvals.xUnit.csproj", "{005D4E5A-83DD-40C9-AE55-49844DF9F4F2}"
EndProject
Project("{9A19103F-16F7-4668-BE54-9A1E7A4F7556}") = "Tests", "Tests\Tests.csproj", "{70F0AFD5-D3A1-4DF8-811E-67AE9858474A}"
EndProject
Project("{2150E333-8FDC-42A3-9474-1A3956D46DE8}") = "Solution Files", "Solution Files", "{B436C5FB-283B-4A25-8929-6235EA77152E}"
	ProjectSection(SolutionItems) = preProject
		..\appveyor.yml = ..\appveyor.yml
	EndProjectSection
EndProject
Global
	GlobalSection(SolutionConfigurationPlatforms) = preSolution
		Debug|Any CPU = Debug|Any CPU
		Release|Any CPU = Release|Any CPU
	EndGlobalSection
	GlobalSection(ProjectConfigurationPlatforms) = postSolution
		{005D4E5A-83DD-40C9-AE55-49844DF9F4F2}.Debug|Any CPU.ActiveCfg = Debug|Any CPU
		{005D4E5A-83DD-40C9-AE55-49844DF9F4F2}.Debug|Any CPU.Build.0 = Debug|Any CPU
		{005D4E5A-83DD-40C9-AE55-49844DF9F4F2}.Release|Any CPU.ActiveCfg = Debug|Any CPU
		{005D4E5A-83DD-40C9-AE55-49844DF9F4F2}.Release|Any CPU.Build.0 = Debug|Any CPU
		{70F0AFD5-D3A1-4DF8-811E-67AE9858474A}.Debug|Any CPU.ActiveCfg = Debug|Any CPU
		{70F0AFD5-D3A1-4DF8-811E-67AE9858474A}.Debug|Any CPU.Build.0 = Debug|Any CPU
		{70F0AFD5-D3A1-4DF8-811E-67AE9858474A}.Release|Any CPU.ActiveCfg = Debug|Any CPU
		{70F0AFD5-D3A1-4DF8-811E-67AE9858474A}.Release|Any CPU.Build.0 = Debug|Any CPU
	EndGlobalSection
	GlobalSection(SolutionProperties) = preSolution
		HideSolutionNode = FALSE
	EndGlobalSection
	GlobalSection(ExtensibilityGlobals) = postSolution
		SolutionGuid = {155DF027-751E-4202-BEAF-F81327BC7C04}
	EndGlobalSection
EndGlobal
